<Solution>
  <Folder Name="/src/">
    <Project Path="src/Bitakora.ControlAsistencia.ControlHoras/Bitakora.ControlAsistencia.ControlHoras.csproj" />
    <Project Path="src/Bitakora.ControlAsistencia.Colaboradores.DomainEvents/Bitakora.ControlAsistencia.Colaboradores.DomainEvents.csproj" />
    <Project Path="src/Bitakora.ControlAsistencia.Colaboradores/Bitakora.ControlAsistencia.Colaboradores.csproj" />
    <Project Path="src/Bitakora.ControlAsistencia.ControlHoras.DomainEvents/Bitakora.ControlAsistencia.ControlHoras.DomainEvents.csproj" />
    <Project Path="src/Bitakora.ControlAsistencia.Mcp.Consultas/Bitakora.ControlAsistencia.Mcp.Consultas.csproj" />
    <Project Path="src/Bitakora.ControlAsistencia.PrivateEvents/Bitakora.ControlAsistencia.PrivateEvents.csproj" />
    <Project Path="src/Bitakora.ControlAsistencia.Programacion/Bitakora.ControlAsistencia.Programacion.csproj" />
    <Project Path="src/Bitakora.ControlAsistencia.Programacion.DomainEvents/Bitakora.ControlAsistencia.Programacion.DomainEvents.csproj" />
    <Project Path="src/Bitakora.ControlAsistencia.Projections/Bitakora.ControlAsistencia.Projections.csproj" />
    <Project Path="src/Bitakora.ControlAsistencia.PublicEvents/Bitakora.ControlAsistencia.PublicEvents.csproj" />
    <Project Path="src/Bitakora.ControlAsistencia.ReadModels/Bitakora.ControlAsistencia.ReadModels.csproj" />
    <Project Path="src/Bitakora.ControlAsistencia.Sedes.DomainEvents/Bitakora.ControlAsistencia.Sedes.DomainEvents.csproj" />
    <Project Path="src/Bitakora.ControlAsistencia.Sedes/Bitakora.ControlAsistencia.Sedes.csproj" />
    <Project Path="src/Bitakora.ControlAsistencia.TenantResolver/Bitakora.ControlAsistencia.TenantResolver.csproj" />
  </Folder>
  <Folder Name="/tests/">
    <Project Path="tests/Bitakora.ControlAsistencia.Mcp.Consultas.SmokeTests/Bitakora.ControlAsistencia.Mcp.Consultas.SmokeTests.csproj" />
    <Project Path="tests/Bitakora.ControlAsistencia.Mcp.Consultas.Tests/Bitakora.ControlAsistencia.Mcp.Consultas.Tests.csproj" />
    <Project Path="tests/Bitakora.ControlAsistencia.PrivateEvents.Tests/Bitakora.ControlAsistencia.PrivateEvents.Tests.csproj" />
    <Project Path="tests/Bitakora.ControlAsistencia.Programacion.Tests/Bitakora.ControlAsistencia.Programacion.Tests.csproj" />
    <Project Path="tests/Bitakora.ControlAsistencia.Colaboradores.SmokeTests/Bitakora.ControlAsistencia.Colaboradores.SmokeTests.csproj" />
    <Project Path="tests/Bitakora.ControlAsistencia.Colaboradores.Tests/Bitakora.ControlAsistencia.Colaboradores.Tests.csproj" />
    <Project Path="tests/Bitakora.ControlAsistencia.ControlHoras.SmokeTests/Bitakora.ControlAsistencia.ControlHoras.SmokeTests.csproj" />
    <Project Path="tests/Bitakora.ControlAsistencia.ControlHoras.Tests/Bitakora.ControlAsistencia.ControlHoras.Tests.csproj" />
    <Project Path="tests/Bitakora.ControlAsistencia.Programacion.SmokeTests/Bitakora.ControlAsistencia.Programacion.SmokeTests.csproj" />
    <Project Path="tests/Bitakora.ControlAsistencia.Projections.Tests/Bitakora.ControlAsistencia.Projections.Tests.csproj" />
    <Project Path="tests/Bitakora.ControlAsistencia.PublicEvents.Tests/Bitakora.ControlAsistencia.PublicEvents.Tests.csproj" />
    <Project Path="tests/Bitakora.ControlAsistencia.Sedes.SmokeTests/Bitakora.ControlAsistencia.Sedes.SmokeTests.csproj" />
    <Project Path="tests/Bitakora.ControlAsistencia.Sedes.Tests/Bitakora.ControlAsistencia.Sedes.Tests.csproj" />
    <Project Path="tests/Bitakora.ControlAsistencia.TenantResolver.Tests/Bitakora.ControlAsistencia.TenantResolver.Tests.csproj" />
  </Folder>
</Solution>
